// !$*UTF8*$!
{
	archiveVersion = 1;
	classes = {
	};
	objectVersion = 50;
	objects = {

/* Begin PBXBuildFile section */
		CCBAE5B820B8557E009B7309 /* AppDelegate.swift in Sources */ = {isa = PBXBuildFile; fileRef = CCBAE5B720B8557E009B7309 /* AppDelegate.swift */; };
		CCBAE5BA20B8557E009B7309 /* QuestionViewController.swift in Sources */ = {isa = PBXBuildFile; fileRef = CCBAE5B920B8557E009B7309 /* QuestionViewController.swift */; };
		CCBAE5BD20B8557E009B7309 /* Main.storyboard in Resources */ = {isa = PBXBuildFile; fileRef = CCBAE5BB20B8557E009B7309 /* Main.storyboard */; };
		CCBAE5BF20B8557F009B7309 /* Assets.xcassets in Resources */ = {isa = PBXBuildFile; fileRef = CCBAE5BE20B8557F009B7309 /* Assets.xcassets */; };
		CCBAE5C220B8557F009B7309 /* LaunchScreen.storyboard in Resources */ = {isa = PBXBuildFile; fileRef = CCBAE5C020B8557F009B7309 /* LaunchScreen.storyboard */; };
		CCBAE5CD20B85580009B7309 /* RabbleWabbleTests.swift in Sources */ = {isa = PBXBuildFile; fileRef = CCBAE5CC20B85580009B7309 /* RabbleWabbleTests.swift */; };
		CCBAE5D820B85580009B7309 /* RabbleWabbleUITests.swift in Sources */ = {isa = PBXBuildFile; fileRef = CCBAE5D720B85580009B7309 /* RabbleWabbleUITests.swift */; };
/* End PBXBuildFile section */

/* Begin PBXContainerItemProxy section */
		CCBAE5C920B85580009B7309 /* PBXContainerItemProxy */ = {
			isa = PBXContainerItemProxy;
			containerPortal = CCBAE5AC20B8557E009B7309 /* Project object */;
			proxyType = 1;
			remoteGlobalIDString = CCBAE5B320B8557E009B7309;
			remoteInfo = RabbleWabble;
		};
		CCBAE5D420B85580009B7309 /* PBXContainerItemProxy */ = {
			isa = PBXContainerItemProxy;
			containerPortal = CCBAE5AC20B8557E009B7309 /* Project object */;
			proxyType = 1;
			remoteGlobalIDString = CCBAE5B320B8557E009B7309;
			remoteInfo = RabbleWabble;
		};
/* End PBXContainerItemProxy section */

/* Begin PBXFileReference section */
		CCBAE5B420B8557E009B7309 /* RabbleWabble.app */ = {isa = PBXFileReference; explicitFileType = wrapper.application; includeInIndex = 0; path = RabbleWabble.app; sourceTree = BUILT_PRODUCTS_DIR; };
		CCBAE5B720B8557E009B7309 /* AppDelegate.swift */ = {isa = PBXFileReference; lastKnownFileType = sourcecode.swift; path = AppDelegate.swift; sourceTree = "<group>"; };
		CCBAE5B920B8557E009B7309 /* QuestionViewController.swift */ = {isa = PBXFileReference; lastKnownFileType = sourcecode.swift; path = QuestionViewController.swift; sourceTree = "<group>"; };
		CCBAE5BC20B8557E009B7309 /* Base */ = {isa = PBXFileReference; lastKnownFileType = file.storyboard; name = Base; path = Base.lproj/Main.storyboard; sourceTree = "<group>"; };
		CCBAE5BE20B8557F009B7309 /* Assets.xcassets */ = {isa = PBXFileReference; lastKnownFileType = folder.assetcatalog; path = Assets.xcassets; sourceTree = "<group>"; };
		CCBAE5C120B8557F009B7309 /* Base */ = {isa = PBXFileReference; lastKnownFileType = file.storyboard; name = Base; path = Base.lproj/LaunchScreen.storyboard; sourceTree = "<group>"; };
		CCBAE5C320B8557F009B7309 /* Info.plist */ = {isa = PBXFileReference; lastKnownFileType = text.plist.xml; path = Info.plist; sourceTree = "<group>"; };
		CCBAE5C820B85580009B7309 /* RabbleWabbleTests.xctest */ = {isa = PBXFileReference; explicitFileType = wrapper.cfbundle; includeInIndex = 0; path = RabbleWabbleTests.xctest; sourceTree = BUILT_PRODUCTS_DIR; };
		CCBAE5CC20B85580009B7309 /* RabbleWabbleTests.swift */ = {isa = PBXFileReference; lastKnownFileType = sourcecode.swift; path = RabbleWabbleTests.swift; sourceTree = "<group>"; };
		CCBAE5CE20B85580009B7309 /* Info.plist */ = {isa = PBXFileReference; lastKnownFileType = text.plist.xml; path = Info.plist; sourceTree = "<group>"; };
		CCBAE5D320B85580009B7309 /* RabbleWabbleUITests.xctest */ = {isa = PBXFileReference; explicitFileType = wrapper.cfbundle; includeInIndex = 0; path = RabbleWabbleUITests.xctest; sourceTree = BUILT_PRODUCTS_DIR; };
		CCBAE5D720B85580009B7309 /* RabbleWabbleUITests.swift */ = {isa = PBXFileReference; lastKnownFileType = sourcecode.swift; path = RabbleWabbleUITests.swift; sourceTree = "<group>"; };
		CCBAE5D920B85580009B7309 /* Info.plist */ = {isa = PBXFileReference; lastKnownFileType = text.plist.xml; path = Info.plist; sourceTree = "<group>"; };
/* End PBXFileReference section */

/* Begin PBXFrameworksBuildPhase section */
		CCBAE5B120B8557E009B7309 /* Frameworks */ = {
			isa = PBXFrameworksBuildPhase;
			buildActionMask = 2147483647;
			files = (
			);
			runOnlyForDeploymentPostprocessing = 0;
		};
		CCBAE5C520B85580009B7309 /* Frameworks */ = {
			isa = PBXFrameworksBuildPhase;
			buildActionMask = 2147483647;
			files = (
			);
			runOnlyForDeploymentPostprocessing = 0;
		};
		CCBAE5D020B85580009B7309 /* Frameworks */ = {
			isa = PBXFrameworksBuildPhase;
			buildActionMask = 2147483647;
			files = (
			);
			runOnlyForDeploymentPostprocessing = 0;
		};
/* End PBXFrameworksBuildPhase section */

/* Begin PBXGroup section */
		CCBAE5AB20B8557E009B7309 = {
			isa = PBXGroup;
			children = (
				CCBAE5B620B8557E009B7309 /* RabbleWabble */,
				CCBAE5CB20B85580009B7309 /* RabbleWabbleTests */,
				CCBAE5D620B85580009B7309 /* RabbleWabbleUITests */,
				CCBAE5B520B8557E009B7309 /* Products */,
			);
			sourceTree = "<group>";
		};
		CCBAE5B520B8557E009B7309 /* Products */ = {
			isa = PBXGroup;
			children = (
				CCBAE5B420B8557E009B7309 /* RabbleWabble.app */,
				CCBAE5C820B85580009B7309 /* RabbleWabbleTests.xctest */,
				CCBAE5D320B85580009B7309 /* RabbleWabbleUITests.xctest */,
			);
			name = Products;
			sourceTree = "<group>";
		};
		CCBAE5B620B8557E009B7309 /* RabbleWabble */ = {
			isa = PBXGroup;
			children = (
				CCBAE5E520B8561B009B7309 /* AppDelegate */,
				CCBAE5BE20B8557F009B7309 /* Assets.xcassets */,
				CCBAE5E620B8562D009B7309 /* Controllers */,
				CCBAE5C320B8557F009B7309 /* Info.plist */,
				CCBAE5E720B85635009B7309 /* Models */,
				CCBAE5E820B8563D009B7309 /* Resources */,
				CCBAE5E920B85645009B7309 /* Views */,
			);
			path = RabbleWabble;
			sourceTree = "<group>";
		};
		CCBAE5CB20B85580009B7309 /* RabbleWabbleTests */ = {
			isa = PBXGroup;
			children = (
				CCBAE5CC20B85580009B7309 /* RabbleWabbleTests.swift */,
			);
			path = RabbleWabbleTests;
			sourceTree = "<group>";
		};
		CCBAE5D620B85580009B7309 /* RabbleWabbleUITests */ = {
			isa = PBXGroup;
			children = (
				CCBAE5D720B85580009B7309 /* RabbleWabbleUITests.swift */,
				CCBAE5D920B85580009B7309 /* Info.plist */,
			);
			path = RabbleWabbleUITests;
			sourceTree = "<group>";
		};
		CCBAE5E520B8561B009B7309 /* AppDelegate */ = {
			isa = PBXGroup;
			children = (
				CCBAE5B720B8557E009B7309 /* AppDelegate.swift */,
			);
			path = AppDelegate;
			sourceTree = "<group>";
		};
		CCBAE5E620B8562D009B7309 /* Controllers */ = {
			isa = PBXGroup;
			children = (
				CCBAE5B920B8557E009B7309 /* QuestionViewController.swift */,
			);
			path = Controllers;
			sourceTree = "<group>";
		};
		CCBAE5E720B85635009B7309 /* Models */ = {
			isa = PBXGroup;
			children = (
			);
			path = Models;
			sourceTree = "<group>";
		};
		CCBAE5E820B8563D009B7309 /* Resources */ = {
			isa = PBXGroup;
			children = (
				CCBAE5CE20B85580009B7309 /* Info.plist */,
			);
			path = Resources;
			sourceTree = "<group>";
		};
		CCBAE5E920B85645009B7309 /* Views */ = {
			isa = PBXGroup;
			children = (
				CCBAE5BB20B8557E009B7309 /* Main.storyboard */,
				CCBAE5C020B8557F009B7309 /* LaunchScreen.storyboard */,
			);
			path = Views;
			sourceTree = "<group>";
		};
/* End PBXGroup section */

/* Begin PBXNativeTarget section */
		CCBAE5B320B8557E009B7309 /* RabbleWabble */ = {
			isa = PBXNativeTarget;
			buildConfigurationList = CCBAE5DC20B85580009B7309 /* Build configuration list for PBXNativeTarget "RabbleWabble" */;
			buildPhases = (
				CCBAE5B020B8557E009B7309 /* Sources */,
				CCBAE5B120B8557E009B7309 /* Frameworks */,
				CCBAE5B220B8557E009B7309 /* Resources */,
			);
			buildRules = (
			);
			dependencies = (
			);
			name = RabbleWabble;
			productName = RabbleWabble;
			productReference = CCBAE5B420B8557E009B7309 /* RabbleWabble.app */;
			productType = "com.apple.product-type.application";
		};
		CCBAE5C720B85580009B7309 /* RabbleWabbleTests */ = {
			isa = PBXNativeTarget;
			buildConfigurationList = CCBAE5DF20B85580009B7309 /* Build configuration list for PBXNativeTarget "RabbleWabbleTests" */;
			buildPhases = (
				CCBAE5C420B85580009B7309 /* Sources */,
				CCBAE5C520B85580009B7309 /* Frameworks */,
				CCBAE5C620B85580009B7309 /* Resources */,
			);
			buildRules = (
			);
			dependencies = (
				CCBAE5CA20B85580009B7309 /* PBXTargetDependency */,
			);
			name = RabbleWabbleTests;
			productName = RabbleWabbleTests;
			productReference = CCBAE5C820B85580009B7309 /* RabbleWabbleTests.xctest */;
			productType = "com.apple.product-type.bundle.unit-test";
		};
		CCBAE5D220B85580009B7309 /* RabbleWabbleUITests */ = {
			isa = PBXNativeTarget;
			buildConfigurationList = CCBAE5E220B85580009B7309 /* Build configuration list for PBXNativeTarget "RabbleWabbleUITests" */;
			buildPhases = (
				CCBAE5CF20B85580009B7309 /* Sources */,
				CCBAE5D020B85580009B7309 /* Frameworks */,
				CCBAE5D120B85580009B7309 /* Resources */,
			);
			buildRules = (
			);
			dependencies = (
				CCBAE5D520B85580009B7309 /* PBXTargetDependency */,
			);
			name = RabbleWabbleUITests;
			productName = RabbleWabbleUITests;
			productReference = CCBAE5D320B85580009B7309 /* RabbleWabbleUITests.xctest */;
			productType = "com.apple.product-type.bundle.ui-testing";
		};
/* End PBXNativeTarget section */

/* Begin PBXProject section */
		CCBAE5AC20B8557E009B7309 /* Project object */ = {
			isa = PBXProject;
			attributes = {
				LastSwiftUpdateCheck = 0930;
				LastUpgradeCheck = 0930;
				ORGANIZATIONNAME = "magnus holm";
				TargetAttributes = {
					CCBAE5B320B8557E009B7309 = {
						CreatedOnToolsVersion = 9.3.1;
					};
					CCBAE5C720B85580009B7309 = {
						CreatedOnToolsVersion = 9.3.1;
						TestTargetID = CCBAE5B320B8557E009B7309;
					};
					CCBAE5D220B85580009B7309 = {
						CreatedOnToolsVersion = 9.3.1;
						TestTargetID = CCBAE5B320B8557E009B7309;
					};
				};
			};
			buildConfigurationList = CCBAE5AF20B8557E009B7309 /* Build configuration list for PBXProject "RabbleWabble" */;
			compatibilityVersion = "Xcode 9.3";
			developmentRegion = en;
			hasScannedForEncodings = 0;
			knownRegions = (
				en,
				Base,
			);
			mainGroup = CCBAE5AB20B8557E009B7309;
			productRefGroup = CCBAE5B520B8557E009B7309 /* Products */;
			projectDirPath = "";
			projectRoot = "";
			targets = (
				CCBAE5B320B8557E009B7309 /* RabbleWabble */,
				CCBAE5C720B85580009B7309 /* RabbleWabbleTests */,
				CCBAE5D220B85580009B7309 /* RabbleWabbleUITests */,
			);
		};
/* End PBXProject section */

/* Begin PBXResourcesBuildPhase section */
		CCBAE5B220B8557E009B7309 /* Resources */ = {
			isa = PBXResourcesBuildPhase;
			buildActionMask = 2147483647;
			files = (
				CCBAE5C220B8557F009B7309 /* LaunchScreen.storyboard in Resources */,
				CCBAE5BF20B8557F009B7309 /* Assets.xcassets in Resources */,
				CCBAE5BD20B8557E009B7309 /* Main.storyboard in Resources */,
			);
			runOnlyForDeploymentPostprocessing = 0;
		};
		CCBAE5C620B85580009B7309 /* Resources */ = {
			isa = PBXResourcesBuildPhase;
			buildActionMask = 2147483647;
			files = (
			);
			runOnlyForDeploymentPostprocessing = 0;
		};
		CCBAE5D120B85580009B7309 /* Resources */ = {
			isa = PBXResourcesBuildPhase;
			buildActionMask = 2147483647;
			files = (
			);
			runOnlyForDeploymentPostprocessing = 0;
		};
/* End PBXResourcesBuildPhase section */

/* Begin PBXSourcesBuildPhase section */
		CCBAE5B020B8557E009B7309 /* Sources */ = {
			isa = PBXSourcesBuildPhase;
			buildActionMask = 2147483647;
			files = (
				CCBAE5BA20B8557E009B7309 /* QuestionViewController.swift in Sources */,
				CCBAE5B820B8557E009B7309 /* AppDelegate.swift in Sources */,
			);
			runOnlyForDeploymentPostprocessing = 0;
		};
		CCBAE5C420B85580009B7309 /* Sources */ = {
			isa = PBXSourcesBuildPhase;
			buildActionMask = 2147483647;
			files = (
				CCBAE5CD20B85580009B7309 /* RabbleWabbleTests.swift in Sources */,
			);
			runOnlyForDeploymentPostprocessing = 0;
		};
		CCBAE5CF20B85580009B7309 /* Sources */ = {
			isa = PBXSourcesBuildPhase;
			buildActionMask = 2147483647;
			files = (
				CCBAE5D820B85580009B7309 /* RabbleWabbleUITests.swift in Sources */,
			);
			runOnlyForDeploymentPostprocessing = 0;
		};
/* End PBXSourcesBuildPhase section */

/* Begin PBXTargetDependency section */
		CCBAE5CA20B85580009B7309 /* PBXTargetDependency */ = {
			isa = PBXTargetDependency;
			target = CCBAE5B320B8557E009B7309 /* RabbleWabble */;
			targetProxy = CCBAE5C920B85580009B7309 /* PBXContainerItemProxy */;
		};
		CCBAE5D520B85580009B7309 /* PBXTargetDependency */ = {
			isa = PBXTargetDependency;
			target = CCBAE5B320B8557E009B7309 /* RabbleWabble */;
			targetProxy = CCBAE5D420B85580009B7309 /* PBXContainerItemProxy */;
		};
/* End PBXTargetDependency section */

/* Begin PBXVariantGroup section */
		CCBAE5BB20B8557E009B7309 /* Main.storyboard */ = {
			isa = PBXVariantGroup;
			children = (
				CCBAE5BC20B8557E009B7309 /* Base */,
			);
			name = Main.storyboard;
			sourceTree = "<group>";
		};
		CCBAE5C020B8557F009B7309 /* LaunchScreen.storyboard */ = {
			isa = PBXVariantGroup;
			children = (
				CCBAE5C120B8557F009B7309 /* Base */,
			);
			name = LaunchScreen.storyboard;
			sourceTree = "<group>";
		};
/* End PBXVariantGroup section */

/* Begin XCBuildConfiguration section */
		CCBAE5DA20B85580009B7309 /* Debug */ = {
			isa = XCBuildConfiguration;
			buildSettings = {
				ALWAYS_SEARCH_USER_PATHS = NO;
				CLANG_ANALYZER_NONNULL = YES;
				CLANG_ANALYZER_NUMBER_OBJECT_CONVERSION = YES_AGGRESSIVE;
				CLANG_CXX_LANGUAGE_STANDARD = "gnu++14";
				CLANG_CXX_LIBRARY = "libc++";
				CLANG_ENABLE_MODULES = YES;
				CLANG_ENABLE_OBJC_ARC = YES;
				CLANG_ENABLE_OBJC_WEAK = YES;
				CLANG_WARN_BLOCK_CAPTURE_AUTORELEASING = YES;
				CLANG_WARN_BOOL_CONVERSION = YES;
				CLANG_WARN_COMMA = YES;
				CLANG_WARN_CONSTANT_CONVERSION = YES;
				CLANG_WARN_DEPRECATED_OBJC_IMPLEMENTATIONS = YES;
				CLANG_WARN_DIRECT_OBJC_ISA_USAGE = YES_ERROR;
				CLANG_WARN_DOCUMENTATION_COMMENTS = YES;
				CLANG_WARN_EMPTY_BODY = YES;
				CLANG_WARN_ENUM_CONVERSION = YES;
				CLANG_WARN_INFINITE_RECURSION = YES;
				CLANG_WARN_INT_CONVERSION = YES;
				CLANG_WARN_NON_LITERAL_NULL_CONVERSION = YES;
				CLANG_WARN_OBJC_IMPLICIT_RETAIN_SELF = YES;
				CLANG_WARN_OBJC_LITERAL_CONVERSION = YES;
				CLANG_WARN_OBJC_ROOT_CLASS = YES_ERROR;
				CLANG_WARN_RANGE_LOOP_ANALYSIS = YES;
				CLANG_WARN_STRICT_PROTOTYPES = YES;
				CLANG_WARN_SUSPICIOUS_MOVE = YES;
				CLANG_WARN_UNGUARDED_AVAILABILITY = YES_AGGRESSIVE;
				CLANG_WARN_UNREACHABLE_CODE = YES;
				CLANG_WARN__DUPLICATE_METHOD_MATCH = YES;
				CODE_SIGN_IDENTITY = "iPhone Developer";
				COPY_PHASE_STRIP = NO;
				DEBUG_INFORMATION_FORMAT = dwarf;
				ENABLE_STRICT_OBJC_MSGSEND = YES;
				ENABLE_TESTABILITY = YES;
				GCC_C_LANGUAGE_STANDARD = gnu11;
				GCC_DYNAMIC_NO_PIC = NO;
				GCC_NO_COMMON_BLOCKS = YES;
				GCC_OPTIMIZATION_LEVEL = 0;
				GCC_PREPROCESSOR_DEFINITIONS = (
					"DEBUG=1",
					"$(inherited)",
				);
				GCC_WARN_64_TO_32_BIT_CONVERSION = YES;
				GCC_WARN_ABOUT_RETURN_TYPE = YES_ERROR;
				GCC_WARN_UNDECLARED_SELECTOR = YES;
				GCC_WARN_UNINITIALIZED_AUTOS = YES_AGGRESSIVE;
				GCC_WARN_UNUSED_FUNCTION = YES;
				GCC_WARN_UNUSED_VARIABLE = YES;
				IPHONEOS_DEPLOYMENT_TARGET = 11.3;
				MTL_ENABLE_DEBUG_INFO = YES;
				ONLY_ACTIVE_ARCH = YES;
				SDKROOT = iphoneos;
				SWIFT_ACTIVE_COMPILATION_CONDITIONS = DEBUG;
				SWIFT_OPTIMIZATION_LEVEL = "-Onone";
			};
			name = Debug;
		};
		CCBAE5DB20B85580009B7309 /* Release */ = {
			isa = XCBuildConfiguration;
			buildSettings = {
				ALWAYS_SEARCH_USER_PATHS = NO;
				CLANG_ANALYZER_NONNULL = YES;
				CLANG_ANALYZER_NUMBER_OBJECT_CONVERSION = YES_AGGRESSIVE;
				CLANG_CXX_LANGUAGE_STANDARD = "gnu++14";
				CLANG_CXX_LIBRARY = "libc++";
				CLANG_ENABLE_MODULES = YES;
				CLANG_ENABLE_OBJC_ARC = YES;
				CLANG_ENABLE_OBJC_WEAK = YES;
				CLANG_WARN_BLOCK_CAPTURE_AUTORELEASING = YES;
				CLANG_WARN_BOOL_CONVERSION = YES;
				CLANG_WARN_COMMA = YES;
				CLANG_WARN_CONSTANT_CONVERSION = YES;
				CLANG_WARN_DEPRECATED_OBJC_IMPLEMENTATIONS = YES;
				CLANG_WARN_DIRECT_OBJC_ISA_USAGE = YES_ERROR;
				CLANG_WARN_DOCUMENTATION_COMMENTS = YES;
				CLANG_WARN_EMPTY_BODY = YES;
				CLANG_WARN_ENUM_CONVERSION = YES;
				CLANG_WARN_INFINITE_RECURSION = YES;
				CLANG_WARN_INT_CONVERSION = YES;
				CLANG_WARN_NON_LITERAL_NULL_CONVERSION = YES;
				CLANG_WARN_OBJC_IMPLICIT_RETAIN_SELF = YES;
				CLANG_WARN_OBJC_LITERAL_CONVERSION = YES;
				CLANG_WARN_OBJC_ROOT_CLASS = YES_ERROR;
				CLANG_WARN_RANGE_LOOP_ANALYSIS = YES;
				CLANG_WARN_STRICT_PROTOTYPES = YES;
				CLANG_WARN_SUSPICIOUS_MOVE = YES;
				CLANG_WARN_UNGUARDED_AVAILABILITY = YES_AGGRESSIVE;
				CLANG_WARN_UNREACHABLE_CODE = YES;
				CLANG_WARN__DUPLICATE_METHOD_MATCH = YES;
				CODE_SIGN_IDENTITY = "iPhone Developer";
				COPY_PHASE_STRIP = NO;
				DEBUG_INFORMATION_FORMAT = "dwarf-with-dsym";
				ENABLE_NS_ASSERTIONS = NO;
				ENABLE_STRICT_OBJC_MSGSEND = YES;
				GCC_C_LANGUAGE_STANDARD = gnu11;
				GCC_NO_COMMON_BLOCKS = YES;
				GCC_WARN_64_TO_32_BIT_CONVERSION = YES;
				GCC_WARN_ABOUT_RETURN_TYPE = YES_ERROR;
				GCC_WARN_UNDECLARED_SELECTOR = YES;
				GCC_WARN_UNINITIALIZED_AUTOS = YES_AGGRESSIVE;
				GCC_WARN_UNUSED_FUNCTION = YES;
				GCC_WARN_UNUSED_VARIABLE = YES;
				IPHONEOS_DEPLOYMENT_TARGET = 11.3;
				MTL_ENABLE_DEBUG_INFO = NO;
				SDKROOT = iphoneos;
				SWIFT_COMPILATION_MODE = wholemodule;
				SWIFT_OPTIMIZATION_LEVEL = "-O";
				VALIDATE_PRODUCT = YES;
			};
			name = Release;
		};
		CCBAE5DD20B85580009B7309 /* Debug */ = {
			isa = XCBuildConfiguration;
			buildSettings = {
				ASSETCATALOG_COMPILER_APPICON_NAME = AppIcon;
				CODE_SIGN_STYLE = Automatic;
				DEVELOPMENT_TEAM = DF28856VV6;
				INFOPLIST_FILE = RabbleWabble/Info.plist;
				LD_RUNPATH_SEARCH_PATHS = (
					"$(inherited)",
					"@executable_path/Frameworks",
				);
				PRODUCT_BUNDLE_IDENTIFIER = com.magnusholm.RabbleWabble;
				PRODUCT_NAME = "$(TARGET_NAME)";
				SWIFT_VERSION = 4.0;
				TARGETED_DEVICE_FAMILY = "1,2";
			};
			name = Debug;
		};
		CCBAE5DE20B85580009B7309 /* Release */ = {
			isa = XCBuildConfiguration;
			buildSettings = {
				ASSETCATALOG_COMPILER_APPICON_NAME = AppIcon;
				CODE_SIGN_STYLE = Automatic;
				DEVELOPMENT_TEAM = DF28856VV6;
				INFOPLIST_FILE = RabbleWabble/Info.plist;
				LD_RUNPATH_SEARCH_PATHS = (
					"$(inherited)",
					"@executable_path/Frameworks",
				);
				PRODUCT_BUNDLE_IDENTIFIER = com.magnusholm.RabbleWabble;
				PRODUCT_NAME = "$(TARGET_NAME)";
				SWIFT_VERSION = 4.0;
				TARGETED_DEVICE_FAMILY = "1,2";
			};
			name = Release;
		};
		CCBAE5E020B85580009B7309 /* Debug */ = {
			isa = XCBuildConfiguration;
			buildSettings = {
				ALWAYS_EMBED_SWIFT_STANDARD_LIBRARIES = YES;
				BUNDLE_LOADER = "$(TEST_HOST)";
				CODE_SIGN_STYLE = Automatic;
				DEVELOPMENT_TEAM = DF28856VV6;
				INFOPLIST_FILE = RabbleWabbleTests/Info.plist;
				LD_RUNPATH_SEARCH_PATHS = (
					"$(inherited)",
					"@executable_path/Frameworks",
					"@loader_path/Frameworks",
				);
				PRODUCT_BUNDLE_IDENTIFIER = com.magnusholm.RabbleWabbleTests;
				PRODUCT_NAME = "$(TARGET_NAME)";
				SWIFT_VERSION = 4.0;
				TARGETED_DEVICE_FAMILY = "1,2";
				TEST_HOST = "$(BUILT_PRODUCTS_DIR)/RabbleWabble.app/RabbleWabble";
			};
			name = Debug;
		};
		CCBAE5E120B85580009B7309 /* Release */ = {
			isa = XCBuildConfiguration;
			buildSettings = {
				ALWAYS_EMBED_SWIFT_STANDARD_LIBRARIES = YES;
				BUNDLE_LOADER = "$(TEST_HOST)";
				CODE_SIGN_STYLE = Automatic;
				DEVELOPMENT_TEAM = DF28856VV6;
				INFOPLIST_FILE = RabbleWabbleTests/Info.plist;
				LD_RUNPATH_SEARCH_PATHS = (
					"$(inherited)",
					"@executable_path/Frameworks",
					"@loader_path/Frameworks",
				);
				PRODUCT_BUNDLE_IDENTIFIER = com.magnusholm.RabbleWabbleTests;
				PRODUCT_NAME = "$(TARGET_NAME)";
				SWIFT_VERSION = 4.0;
				TARGETED_DEVICE_FAMILY = "1,2";
				TEST_HOST = "$(BUILT_PRODUCTS_DIR)/RabbleWabble.app/RabbleWabble";
			};
			name = Release;
		};
		CCBAE5E320B85580009B7309 /* Debug */ = {
			isa = XCBuildConfiguration;
			buildSettings = {
				ALWAYS_EMBED_SWIFT_STANDARD_LIBRARIES = YES;
				CODE_SIGN_STYLE = Automatic;
				DEVELOPMENT_TEAM = DF28856VV6;
				INFOPLIST_FILE = RabbleWabbleUITests/Info.plist;
				LD_RUNPATH_SEARCH_PATHS = (
					"$(inherited)",
					"@executable_path/Frameworks",
					"@loader_path/Frameworks",
				);
				PRODUCT_BUNDLE_IDENTIFIER = com.magnusholm.RabbleWabbleUITests;
				PRODUCT_NAME = "$(TARGET_NAME)";
				SWIFT_VERSION = 4.0;
				TARGETED_DEVICE_FAMILY = "1,2";
				TEST_TARGET_NAME = RabbleWabble;
			};
			name = Debug;
		};
		CCBAE5E420B85580009B7309 /* Release */ = {
			isa = XCBuildConfiguration;
			buildSettings = {
				ALWAYS_EMBED_SWIFT_STANDARD_LIBRARIES = YES;
				CODE_SIGN_STYLE = Automatic;
				DEVELOPMENT_TEAM = DF28856VV6;
				INFOPLIST_FILE = RabbleWabbleUITests/Info.plist;
				LD_RUNPATH_SEARCH_PATHS = (
					"$(inherited)",
					"@executable_path/Frameworks",
					"@loader_path/Frameworks",
				);
				PRODUCT_BUNDLE_IDENTIFIER = com.magnusholm.RabbleWabbleUITests;
				PRODUCT_NAME = "$(TARGET_NAME)";
				SWIFT_VERSION = 4.0;
				TARGETED_DEVICE_FAMILY = "1,2";
				TEST_TARGET_NAME = RabbleWabble;
			};
			name = Release;
		};
/* End XCBuildConfiguration section */

/* Begin XCConfigurationList section */
		CCBAE5AF20B8557E009B7309 /* Build configuration list for PBXProject "RabbleWabble" */ = {
			isa = XCConfigurationList;
			buildConfigurations = (
				CCBAE5DA20B85580009B7309 /* Debug */,
				CCBAE5DB20B85580009B7309 /* Release */,
			);
			defaultConfigurationIsVisible = 0;
			defaultConfigurationName = Release;
		};
		CCBAE5DC20B85580009B7309 /* Build configuration list for PBXNativeTarget "RabbleWabble" */ = {
			isa = XCConfigurationList;
			buildConfigurations = (
				CCBAE5DD20B85580009B7309 /* Debug */,
				CCBAE5DE20B85580009B7309 /* Release */,
			);
			defaultConfigurationIsVisible = 0;
			defaultConfigurationName = Release;
		};
		CCBAE5DF20B85580009B7309 /* Build configuration list for PBXNativeTarget "RabbleWabbleTests" */ = {
			isa = XCConfigurationList;
			buildConfigurations = (
				CCBAE5E020B85580009B7309 /* Debug */,
				CCBAE5E120B85580009B7309 /* Release */,
			);
			defaultConfigurationIsVisible = 0;
			defaultConfigurationName = Release;
		};
		CCBAE5E220B85580009B7309 /* Build configuration list for PBXNativeTarget "RabbleWabbleUITests" */ = {
			isa = XCConfigurationList;
			buildConfigurations = (
				CCBAE5E320B85580009B7309 /* Debug */,
				CCBAE5E420B85580009B7309 /* Release */,
			);
			defaultConfigurationIsVisible = 0;
			defaultConfigurationName = Release;
		};
/* End XCConfigurationList section */
	};
	rootObject = CCBAE5AC20B8557E009B7309 /* Project object */;
}
